
Microsoft Visual Studio Solution File, Format Version 12.00
# Visual Studio 2015
Project("{FAE04EC0-301F-11D3-BF4B-00C04F79EFBC}") = "TrendGraph.CSharp", "TrendGraph.CSharp.csproj", "{F8C491CF-23ED-C03B-6AE1-5C09586BAA3E}"
EndProject
Project("{FAE04EC0-301F-11D3-BF4B-00C04F79EFBC}") = "TrendGraph.CSharp.Editor", "TrendGraph.CSharp.Editor.csproj", "{2A59F35F-1BFD-2DD3-7087-D2B9129838FA}"
EndProject
Global
	GlobalSection(SolutionConfigurationPlatforms) = preSolution
		Debug|Any CPU = Debug|Any CPU
		Release|Any CPU = Release|Any CPU
	EndGlobalSection
	GlobalSection(ProjectConfigurationPlatforms) = postSolution
		{F8C491CF-23ED-C03B-6AE1-5C09586BAA3E}.Debug|Any CPU.ActiveCfg = Debug|Any CPU
		{F8C491CF-23ED-C03B-6AE1-5C09586BAA3E}.Debug|Any CPU.Build.0 = Debug|Any CPU
		{F8C491CF-23ED-C03B-6AE1-5C09586BAA3E}.Release|Any CPU.ActiveCfg = Release|Any CPU
		{F8C491CF-23ED-C03B-6AE1-5C09586BAA3E}.Release|Any CPU.Build.0 = Release|Any CPU
		{2A59F35F-1BFD-2DD3-7087-D2B9129838FA}.Debug|Any CPU.ActiveCfg = Debug|Any CPU
		{2A59F35F-1BFD-2DD3-7087-D2B9129838FA}.Debug|Any CPU.Build.0 = Debug|Any CPU
		{2A59F35F-1BFD-2DD3-7087-D2B9129838FA}.Release|Any CPU.ActiveCfg = Release|Any CPU
		{2A59F35F-1BFD-2DD3-7087-D2B9129838FA}.Release|Any CPU.Build.0 = Release|Any CPU
	EndGlobalSection
	GlobalSection(SolutionProperties) = preSolution
		HideSolutionNode = FALSE
	EndGlobalSection
EndGlobal
